{
  "name": "geom-revolve",
  "version": "2.0.2",
  "lockfileVersion": 3,
  "requires": true,
  "packages": {
    "": {
      "name": "geom-revolve",
      "version": "2.0.2",
      "license": "MIT",
      "dependencies": {
        "pex-geom": "^3.0.1",
        "pex-math": "^4.1.0",
        "typed-array-constructor": "^1.0.1"
      },
      "devDependencies": {
        "angle-normals": "^1.0.0",
        "es-module-shims": "^1.8.3",
        "geom-edges": "^1.2.0",
        "pex-context": "^3.0.0-alpha.8",
        "pex-gui": "^3.0.0"
      },
      "engines": {
        "node": ">=20.0.0",
        "npm": ">=9.6.4"
      }
    },
    "node_modules/angle-normals": {
      "version": "1.0.0",
      "resolved": "https://registry.npmjs.org/angle-normals/-/angle-normals-1.0.0.tgz",
      "integrity": "sha512-QF3h4vmrAmlFHF8Lwzgdz6Z/Yb5a2/klWxpqUpRCbFgXKe2d7Ey5PRMi4gS73PP+SYjZa+S46HtjuHlHv4w6BA==",
      "dev": true
    },
    "node_modules/clone": {
      "version": "1.0.4",
      "resolved": "https://registry.npmjs.org/clone/-/clone-1.0.4.tgz",
      "integrity": "sha512-JQHZ2QMW6l3aH/j6xCqQThY/9OH4D/9ls34cgkUBiEeocRTU04tHfKPBsUK1PqZCUQM7GiA0IIXJSuXHI64Kbg==",
      "dev": true,
      "engines": {
        "node": ">=0.8"
      }
    },
    "node_modules/es-module-shims": {
      "version": "1.8.3",
      "resolved": "https://registry.npmjs.org/es-module-shims/-/es-module-shims-1.8.3.tgz",
      "integrity": "sha512-NOE2WomYkoXeae8FcwPwZApxDwKerEWGOiqNo/P2JCBkJgKCLA5+PMZs8sr/1SPk9a8E+hUE9Wc+YZyGEiWHkw==",
      "dev": true
    },
    "node_modules/geom-edges": {
      "version": "1.2.0",
      "resolved": "https://registry.npmjs.org/geom-edges/-/geom-edges-1.2.0.tgz",
      "integrity": "sha512-aBwoYLldrbvXPjlqWUISYy5Ac4NpN5CvprD6M9TIJuJK+HK1Spriu1iInDZY9Cg5L4tEKhug8dQ0fjvy7oF85w==",
      "dev": true,
      "dependencies": {
        "clone": "^1.0.2"
      }
    },
    "node_modules/pex-color": {
      "version": "2.1.0",
      "resolved": "https://registry.npmjs.org/pex-color/-/pex-color-2.1.0.tgz",
      "integrity": "sha512-N/AyN1sHmXBI4Gss9+EIEBcJB4D0j3El5qrNDJANKsJYU1ZOfiCk38rQ9XSCOfZWboBDKqLd6arNvRrytKtgkw==",
      "dev": true,
      "engines": {
        "node": ">=20.0.0",
        "npm": ">=9.6.4"
      }
    },
    "node_modules/pex-context": {
      "version": "3.0.0-alpha.8",
      "resolved": "https://registry.npmjs.org/pex-context/-/pex-context-3.0.0-alpha.8.tgz",
      "integrity": "sha512-8ub8SX0mskdcsnvV2Hz1FGTvLyIto4UY20re/taGMdfalt/obqa/qeVNLF2F8WshBOaDdHOmSFtMYdrHuDfC9Q==",
      "dev": true,
      "dependencies": {
        "pex-gl": "^3.0.0-alpha.0"
      },
      "engines": {
        "node": ">=16.0.0",
        "npm": ">=7.0.0"
      }
    },
    "node_modules/pex-geom": {
      "version": "3.0.1",
      "resolved": "https://registry.npmjs.org/pex-geom/-/pex-geom-3.0.1.tgz",
      "integrity": "sha512-5wDQnn103lyuisUIuJgDt+ZonvCcIbcfAG5wDr+hJcohSphJlPvtLc1LkneSqt/XESIetKkDaVw3bW+talYPXw==",
      "dependencies": {
        "pex-math": "^4.0.0"
      },
      "engines": {
        "node": ">=20.0.0",
        "npm": ">=9.6.4"
      }
    },
    "node_modules/pex-gl": {
      "version": "3.0.1",
      "resolved": "https://registry.npmjs.org/pex-gl/-/pex-gl-3.0.1.tgz",
      "integrity": "sha512-RSbWPhWSjBLc+9tkfMeTR+G9rg9ESXHRyK7t2Qa3Nuupo4SDPiVw0RuZkgDfTpu4RiDZV6nBdGof7J/XIqTP2Q==",
      "dev": true,
      "engines": {
        "node": ">=18.0.0",
        "npm": ">=8.6.0"
      }
    },
    "node_modules/pex-gui": {
      "version": "3.0.0",
      "resolved": "https://registry.npmjs.org/pex-gui/-/pex-gui-3.0.0.tgz",
      "integrity": "sha512-YY4vDFk7FhyCoOHI6gf2R9lB4QaM3DMVsTOY0l8sqtDTr46t96Iwl4YKUyi2r3OMEi6hMXVBxkGzvGe+XeoP0w==",
      "dev": true,
      "dependencies": {
        "pex-color": "^2.1.0",
        "pex-geom": "^3.0.1",
        "pex-math": "^4.0.0"
      },
      "engines": {
        "node": ">=16.0.0",
        "npm": ">=7.0.0"
      }
    },
    "node_modules/pex-math": {
      "version": "4.1.0",
      "resolved": "https://registry.npmjs.org/pex-math/-/pex-math-4.1.0.tgz",
      "integrity": "sha512-rpb92xRnGan4qOh0cXk8kD4GXXvt6ntQykkegjSU186pJ6uGJ/UJJ3amt9SQenmiEQHU2SXKvZImyzo1RTX61w==",
      "engines": {
        "node": ">=20.0.0",
        "npm": ">=9.6.4"
      }
    },
    "node_modules/typed-array-constructor": {
      "version": "1.0.1",
      "resolved": "https://registry.npmjs.org/typed-array-constructor/-/typed-array-constructor-1.0.1.tgz",
      "integrity": "sha512-u0C7NyHOh4nPdFy5BsjEQuDXsuCg8PvinJ7b35IXdQ/dcOrwavzMh3YYo0Gj2Oq+69nNDOlxwKcVAV++x+m/8A==",
      "funding": [
        {
          "type": "individual",
          "url": "https://paypal.me/dmnsgn"
        },
        {
          "type": "individual",
          "url": "https://commerce.coinbase.com/checkout/56cbdf28-e323-48d8-9c98-7019e72c97f3"
        }
      ],
      "engines": {
        "node": ">=18.0.0",
        "npm": ">=8.0.0"
      }
    }
  }
}
